
Microsoft Visual Studio Solution File, Format Version 12.00
# Visual Studio Version 17
VisualStudioVersion = 17.10.35027.167
MinimumVisualStudioVersion = 10.0.40219.1
Project("{FAE04EC0-301F-11D3-BF4B-00C04F79EFBC}") = "problem8", "problem8\problem8.csproj", "{CE8148C0-8382-4B1D-BBB4-9F56B0AF03D5}"
EndProject
Global
	GlobalSection(SolutionConfigurationPlatforms) = preSolution
		Debug|Any CPU = Debug|Any CPU
		Release|Any CPU = Release|Any CPU
	EndGlobalSection
	GlobalSection(ProjectConfigurationPlatforms) = postSolution
		{CE8148C0-8382-4B1D-BBB4-9F56B0AF03D5}.Debug|Any CPU.ActiveCfg = Debug|Any CPU
		{CE8148C0-8382-4B1D-BBB4-9F56B0AF03D5}.Debug|Any CPU.Build.0 = Debug|Any CPU
		{CE8148C0-8382-4B1D-BBB4-9F56B0AF03D5}.Release|Any CPU.ActiveCfg = Release|Any CPU
		{CE8148C0-8382-4B1D-BBB4-9F56B0AF03D5}.Release|Any CPU.Build.0 = Release|Any CPU
	EndGlobalSection
	GlobalSection(SolutionProperties) = preSolution
		HideSolutionNode = FALSE
	EndGlobalSection
	GlobalSection(ExtensibilityGlobals) = postSolution
		SolutionGuid = {C1688950-0077-493E-B19B-D7AD5815CEC7}
	EndGlobalSection
EndGlobal
